<Solution>
  <Folder Name="/src/">
    <Project Path="src/DataVortex.App/DataVortex.App.csproj" />
    <Project Path="src/DataVortex.Core/DataVortex.Core.csproj" />
    <Project Path="src/DataVortex.Licensing/DataVortex.Licensing.csproj" />
    <Project Path="src/DataVortex.LicenseServer/DataVortex.LicenseServer.csproj" />
  </Folder>
  <Folder Name="/tests/">
    <Project Path="tests/DataVortex.Tests/DataVortex.Tests.csproj" />
  </Folder>
</Solution>
